# THIS IS AN AUTOGENERATED FILE. DO NOT EDIT THIS FILE DIRECTLY.
# yarn lockfile v1


"@babel/runtime@7.11.2", "@babel/runtime@^7.6.2":
  version "7.11.2"
  resolved "https://registry.yarnpkg.com/@babel/runtime/-/runtime-7.11.2.tgz#f549c13c754cc40b87644b9fa9f09a6a95fe0736"
  integrity sha512-TeWkU52so0mPtDcaCTxNBI/IHiz0pZgr8VEFqXFtZWpYD08ZB6FaSwVAS8MKRQAP3bYKiVjwysOJgMFY28o6Tw==
  dependencies:
    regenerator-runtime "^0.13.4"

"@date-fns/upgrade@1.0.3":
  version "1.0.3"
  resolved "https://registry.yarnpkg.com/@date-fns/upgrade/-/upgrade-1.0.3.tgz#1e59d8c936f63c5c7daeeca09ec82b0849a1252e"
  integrity sha512-0BLzKmXwWw3Zh3cZzW4xScmwGijXCAulaFdikqNiSnK8PAgYYSWWxOP/kuJFpKaoIT5KzstVGyHsjA7t/QXi1Q==
  dependencies:
    date-fns "^2.1"

classnames@2.2.6:
  version "2.2.6"
  resolved "https://registry.yarnpkg.com/classnames/-/classnames-2.2.6.tgz#43935bffdd291f326dad0a205309b38d00f650ce"
  integrity sha512-JR/iSQOSt+LQIWwrwEzJ9uk0xfN3mTVYMwt1Ir5mUcSN6pU+V4zQFFaJsclJbPuAUQH+yfWef6tm7l1quW3C8Q==

core-js@3.6.5:
  version "3.6.5"
  resolved "https://registry.yarnpkg.com/core-js/-/core-js-3.6.5.tgz#7395dc273af37fb2e50e9bd3d9fe841285231d1a"
  integrity sha512-vZVEEwZoIsI+vPEuoF9Iqf5H7/M3eeQqWlQnYa8FSKKePuYTf5MWnxb5SDAzCa60b3JBRS5g9b+Dq7b1y/RCrA==

date-fns@2.15.0, date-fns@^2.0.0, date-fns@^2.1:
  version "2.15.0"
  resolved "https://registry.yarnpkg.com/date-fns/-/date-fns-2.15.0.tgz#424de6b3778e4e69d3ff27046ec136af58ae5d5f"
  integrity sha512-ZCPzAMJZn3rNUvvQIMlXhDr4A+Ar07eLeGsGREoWU19a3Pqf5oYa+ccd+B3F6XVtQY6HANMFdOQ8A+ipFnvJdQ==

dayzed@3.2.1:
  version "3.2.1"
  resolved "https://registry.yarnpkg.com/dayzed/-/dayzed-3.2.1.tgz#0387abfcaf9da57128ddcf92dfc3e2fceea5fcde"
  integrity sha512-3jnjfUOGxGA31iYAR2QfiDzWVfl3ccejm7/ya5P1gYpOtc9b4PEcl0xUAf7f74czEteAC/oPQCspNv/LAJlIYw==
  dependencies:
    "@babel/runtime" "^7.6.2"
    date-fns "^2.0.0"

format-string-by-pattern@1.2.1:
  version "1.2.1"
  resolved "https://registry.yarnpkg.com/format-string-by-pattern/-/format-string-by-pattern-1.2.1.tgz#ecaf437a0a504e986510dde6ae6438998fd26387"
  integrity sha512-x7JY+q8XvBmHCf4ZSQiiG+8fmC02oiei1JoAsUcdHcy8Kn6LwaE1KUlQ8ph3fNnIcWY65B3aVuKArdbAEQxpLg==

react-fast-compare@3.2.0:
  version "3.2.0"
  resolved "https://registry.yarnpkg.com/react-fast-compare/-/react-fast-compare-3.2.0.tgz#641a9da81b6a6320f270e89724fb45a0b39e43bb"
  integrity sha512-rtGImPZ0YyLrscKI9xTpV8psd6I8VAtjKCzQDlzyDvqJA8XOW78TXYQwNRNd8g8JZnDu8q9Fu/1v4HPAVwVdHA==

react-semantic-ui-datepickers@^2.9.1:
  version "2.9.1"
  resolved "https://registry.yarnpkg.com/react-semantic-ui-datepickers/-/react-semantic-ui-datepickers-2.9.1.tgz#d4e6eeffa68973564792e5f914bd8df9a8d02099"
  integrity sha512-3BDFwAyUaNnrtVQt+JKpAqwR8JqVxA/rqXokPsWefxx/kOJyzWl02Lp1gUlwdfVjswtawoXGQLwvrJAhb3XduQ==
  dependencies:
    "@babel/runtime" "7.11.2"
    "@date-fns/upgrade" "1.0.3"
    classnames "2.2.6"
    core-js "3.6.5"
    date-fns "2.15.0"
    dayzed "3.2.1"
    format-string-by-pattern "1.2.1"
    react-fast-compare "3.2.0"

regenerator-runtime@^0.13.4:
  version "0.13.7"
  resolved "https://registry.yarnpkg.com/regenerator-runtime/-/regenerator-runtime-0.13.7.tgz#cac2dacc8a1ea675feaabaeb8ae833898ae46f55"
  integrity sha512-a54FxoJDIr27pgf7IgeQGxmqUNYrcV338lf/6gH456HZ/PhX+5BcwHXG9ajESmwe6WRO0tAzRUrRmNONWgkrew==
